
Microsoft Visual Studio Solution File, Format Version 12.00
# Visual Studio 15
VisualStudioVersion = 15.0.28010.2016
MinimumVisualStudioVersion = 10.0.40219.1
Project("{FAE04EC0-301F-11D3-BF4B-00C04F79EFBC}") = "05.Operator", "05.Operator\05.Operator.csproj", "{2F4DA050-EBBC-45BB-8809-53B539344005}"
EndProject
Global
	GlobalSection(SolutionConfigurationPlatforms) = preSolution
		Debug|Any CPU = Debug|Any CPU
		Release|Any CPU = Release|Any CPU
	EndGlobalSection
	GlobalSection(ProjectConfigurationPlatforms) = postSolution
		{2F4DA050-EBBC-45BB-8809-53B539344005}.Debug|Any CPU.ActiveCfg = Debug|Any CPU
		{2F4DA050-EBBC-45BB-8809-53B539344005}.Debug|Any CPU.Build.0 = Debug|Any CPU
		{2F4DA050-EBBC-45BB-8809-53B539344005}.Release|Any CPU.ActiveCfg = Release|Any CPU
		{2F4DA050-EBBC-45BB-8809-53B539344005}.Release|Any CPU.Build.0 = Release|Any CPU
	EndGlobalSection
	GlobalSection(SolutionProperties) = preSolution
		HideSolutionNode = FALSE
	EndGlobalSection
	GlobalSection(ExtensibilityGlobals) = postSolution
		SolutionGuid = {1EFB1201-A88B-4C93-BE2F-F3EDCB3E8B64}
	EndGlobalSection
EndGlobal
