
Microsoft Visual Studio Solution File, Format Version 12.00
# Visual Studio 15
VisualStudioVersion = 15.0.28010.2016
MinimumVisualStudioVersion = 10.0.40219.1
Project("{FAE04EC0-301F-11D3-BF4B-00C04F79EFBC}") = "09.Class", "09.Class\09.Class.csproj", "{7637374D-3633-4F92-915D-556C20069F20}"
EndProject
Global
	GlobalSection(SolutionConfigurationPlatforms) = preSolution
		Debug|Any CPU = Debug|Any CPU
		Release|Any CPU = Release|Any CPU
	EndGlobalSection
	GlobalSection(ProjectConfigurationPlatforms) = postSolution
		{7637374D-3633-4F92-915D-556C20069F20}.Debug|Any CPU.ActiveCfg = Debug|Any CPU
		{7637374D-3633-4F92-915D-556C20069F20}.Debug|Any CPU.Build.0 = Debug|Any CPU
		{7637374D-3633-4F92-915D-556C20069F20}.Release|Any CPU.ActiveCfg = Release|Any CPU
		{7637374D-3633-4F92-915D-556C20069F20}.Release|Any CPU.Build.0 = Release|Any CPU
	EndGlobalSection
	GlobalSection(SolutionProperties) = preSolution
		HideSolutionNode = FALSE
	EndGlobalSection
	GlobalSection(ExtensibilityGlobals) = postSolution
		SolutionGuid = {5EC8B37A-55C7-42FD-89C4-20D680D63287}
	EndGlobalSection
EndGlobal
