
Microsoft Visual Studio Solution File, Format Version 12.00
# Visual Studio 15
VisualStudioVersion = 15.0.28010.2016
MinimumVisualStudioVersion = 10.0.40219.1
Project("{FAE04EC0-301F-11D3-BF4B-00C04F79EFBC}") = "10.Class2", "10.Class2\10.Class2.csproj", "{6D9F34BF-DAB4-4F94-A067-5E92D4B5F3D3}"
EndProject
Global
	GlobalSection(SolutionConfigurationPlatforms) = preSolution
		Debug|Any CPU = Debug|Any CPU
		Release|Any CPU = Release|Any CPU
	EndGlobalSection
	GlobalSection(ProjectConfigurationPlatforms) = postSolution
		{6D9F34BF-DAB4-4F94-A067-5E92D4B5F3D3}.Debug|Any CPU.ActiveCfg = Debug|Any CPU
		{6D9F34BF-DAB4-4F94-A067-5E92D4B5F3D3}.Debug|Any CPU.Build.0 = Debug|Any CPU
		{6D9F34BF-DAB4-4F94-A067-5E92D4B5F3D3}.Release|Any CPU.ActiveCfg = Release|Any CPU
		{6D9F34BF-DAB4-4F94-A067-5E92D4B5F3D3}.Release|Any CPU.Build.0 = Release|Any CPU
	EndGlobalSection
	GlobalSection(SolutionProperties) = preSolution
		HideSolutionNode = FALSE
	EndGlobalSection
	GlobalSection(ExtensibilityGlobals) = postSolution
		SolutionGuid = {6AA91740-6614-4EBB-BF4D-F505D3DC7496}
	EndGlobalSection
EndGlobal
