
Microsoft Visual Studio Solution File, Format Version 12.00
# Visual Studio 15
VisualStudioVersion = 15.0.28307.168
MinimumVisualStudioVersion = 10.0.40219.1
Project("{FAE04EC0-301F-11D3-BF4B-00C04F79EFBC}") = "17.Delegate", "17.Delegate\17.Delegate.csproj", "{AB2EE35F-6363-417A-9AE4-F4761B581573}"
EndProject
Global
	GlobalSection(SolutionConfigurationPlatforms) = preSolution
		Debug|Any CPU = Debug|Any CPU
		Release|Any CPU = Release|Any CPU
	EndGlobalSection
	GlobalSection(ProjectConfigurationPlatforms) = postSolution
		{AB2EE35F-6363-417A-9AE4-F4761B581573}.Debug|Any CPU.ActiveCfg = Debug|Any CPU
		{AB2EE35F-6363-417A-9AE4-F4761B581573}.Debug|Any CPU.Build.0 = Debug|Any CPU
		{AB2EE35F-6363-417A-9AE4-F4761B581573}.Release|Any CPU.ActiveCfg = Release|Any CPU
		{AB2EE35F-6363-417A-9AE4-F4761B581573}.Release|Any CPU.Build.0 = Release|Any CPU
	EndGlobalSection
	GlobalSection(SolutionProperties) = preSolution
		HideSolutionNode = FALSE
	EndGlobalSection
	GlobalSection(ExtensibilityGlobals) = postSolution
		SolutionGuid = {BC459C31-2D60-44DC-A4C2-06412ACFAB74}
	EndGlobalSection
EndGlobal
