
Microsoft Visual Studio Solution File, Format Version 12.00
# Visual Studio 15
VisualStudioVersion = 15.0.28010.2016
MinimumVisualStudioVersion = 10.0.40219.1
Project("{FAE04EC0-301F-11D3-BF4B-00C04F79EFBC}") = "16.Exception", "16.Exception\16.Exception.csproj", "{1236F2DA-A283-4C83-B185-9950CD4EFA3B}"
EndProject
Global
	GlobalSection(SolutionConfigurationPlatforms) = preSolution
		Debug|Any CPU = Debug|Any CPU
		Release|Any CPU = Release|Any CPU
	EndGlobalSection
	GlobalSection(ProjectConfigurationPlatforms) = postSolution
		{1236F2DA-A283-4C83-B185-9950CD4EFA3B}.Debug|Any CPU.ActiveCfg = Debug|Any CPU
		{1236F2DA-A283-4C83-B185-9950CD4EFA3B}.Debug|Any CPU.Build.0 = Debug|Any CPU
		{1236F2DA-A283-4C83-B185-9950CD4EFA3B}.Release|Any CPU.ActiveCfg = Release|Any CPU
		{1236F2DA-A283-4C83-B185-9950CD4EFA3B}.Release|Any CPU.Build.0 = Release|Any CPU
	EndGlobalSection
	GlobalSection(SolutionProperties) = preSolution
		HideSolutionNode = FALSE
	EndGlobalSection
	GlobalSection(ExtensibilityGlobals) = postSolution
		SolutionGuid = {06BF9924-A030-4F4F-BA1E-327C960D60F1}
	EndGlobalSection
EndGlobal
