
Microsoft Visual Studio Solution File, Format Version 12.00
# Visual Studio 15
VisualStudioVersion = 15.0.28010.2016
MinimumVisualStudioVersion = 10.0.40219.1
Project("{FAE04EC0-301F-11D3-BF4B-00C04F79EFBC}") = "06.Operator2", "06.Operator2\06.Operator2.csproj", "{410CFAC4-6C6D-4A0C-9C91-4D9F535B4ABF}"
EndProject
Global
	GlobalSection(SolutionConfigurationPlatforms) = preSolution
		Debug|Any CPU = Debug|Any CPU
		Release|Any CPU = Release|Any CPU
	EndGlobalSection
	GlobalSection(ProjectConfigurationPlatforms) = postSolution
		{410CFAC4-6C6D-4A0C-9C91-4D9F535B4ABF}.Debug|Any CPU.ActiveCfg = Debug|Any CPU
		{410CFAC4-6C6D-4A0C-9C91-4D9F535B4ABF}.Debug|Any CPU.Build.0 = Debug|Any CPU
		{410CFAC4-6C6D-4A0C-9C91-4D9F535B4ABF}.Release|Any CPU.ActiveCfg = Release|Any CPU
		{410CFAC4-6C6D-4A0C-9C91-4D9F535B4ABF}.Release|Any CPU.Build.0 = Release|Any CPU
	EndGlobalSection
	GlobalSection(SolutionProperties) = preSolution
		HideSolutionNode = FALSE
	EndGlobalSection
	GlobalSection(ExtensibilityGlobals) = postSolution
		SolutionGuid = {05386FF7-A5CD-4D77-A135-47186A8BCBBA}
	EndGlobalSection
EndGlobal
